{
  "name": "eza",
  "version": "0.1.0",
  "lockfileVersion": 1,
  "requires": true,
  "dependencies": {
    "@types/graphql": {
      "version": "0.12.7",
      "resolved": "https://registry.npmjs.org/@types/graphql/-/graphql-0.12.7.tgz",
      "integrity": "sha512-xuf/9ShwOOlxoV+J5ts4vAoPbL3nmcFU3z/Ad6jrsiB99hB/Wrs2fl3qJga5XJ1euAasMN/FsNPdHMV6+OV5vw=="
    }
  }
}
